
Microsoft Visual Studio Solution File, Format Version 12.00
# Visual Studio Version 16
VisualStudioVersion = 16.0.29230.47
MinimumVisualStudioVersion = 10.0.40219.1
Project("{FAE04EC0-301F-11D3-BF4B-00C04F79EFBC}") = "link", "link\link.csproj", "{9B458C95-F0E9-4FE5-880C-2D4EBABEFA60}"
EndProject
Global
	GlobalSection(SolutionConfigurationPlatforms) = preSolution
		Debug|Any CPU = Debug|Any CPU
		Release|Any CPU = Release|Any CPU
	EndGlobalSection
	GlobalSection(ProjectConfigurationPlatforms) = postSolution
		{9B458C95-F0E9-4FE5-880C-2D4EBABEFA60}.Debug|Any CPU.ActiveCfg = Debug|Any CPU
		{9B458C95-F0E9-4FE5-880C-2D4EBABEFA60}.Debug|Any CPU.Build.0 = Debug|Any CPU
		{9B458C95-F0E9-4FE5-880C-2D4EBABEFA60}.Release|Any CPU.ActiveCfg = Release|Any CPU
		{9B458C95-F0E9-4FE5-880C-2D4EBABEFA60}.Release|Any CPU.Build.0 = Release|Any CPU
	EndGlobalSection
	GlobalSection(SolutionProperties) = preSolution
		HideSolutionNode = FALSE
	EndGlobalSection
	GlobalSection(ExtensibilityGlobals) = postSolution
		SolutionGuid = {A29DC3EC-C7D7-4548-829F-B208CA77C3D6}
	EndGlobalSection
EndGlobal
