
Microsoft Visual Studio Solution File, Format Version 12.00
# Visual Studio Version 16
VisualStudioVersion = 16.0.30114.105
MinimumVisualStudioVersion = 10.0.40219.1
Project("{FAE04EC0-301F-11D3-BF4B-00C04F79EFBC}") = "pilacliente", "pilacliente\pilacliente.csproj", "{941DFA88-7D79-4C18-993A-A52B49CAE827}"
EndProject
Global
	GlobalSection(SolutionConfigurationPlatforms) = preSolution
		Debug|Any CPU = Debug|Any CPU
		Release|Any CPU = Release|Any CPU
	EndGlobalSection
	GlobalSection(ProjectConfigurationPlatforms) = postSolution
		{941DFA88-7D79-4C18-993A-A52B49CAE827}.Debug|Any CPU.ActiveCfg = Debug|Any CPU
		{941DFA88-7D79-4C18-993A-A52B49CAE827}.Debug|Any CPU.Build.0 = Debug|Any CPU
		{941DFA88-7D79-4C18-993A-A52B49CAE827}.Release|Any CPU.ActiveCfg = Release|Any CPU
		{941DFA88-7D79-4C18-993A-A52B49CAE827}.Release|Any CPU.Build.0 = Release|Any CPU
	EndGlobalSection
	GlobalSection(SolutionProperties) = preSolution
		HideSolutionNode = FALSE
	EndGlobalSection
	GlobalSection(ExtensibilityGlobals) = postSolution
		SolutionGuid = {B461DE7C-7585-420A-A3B0-83F89090679D}
	EndGlobalSection
EndGlobal
