
Microsoft Visual Studio Solution File, Format Version 12.00
# Visual Studio Version 16
VisualStudioVersion = 16.0.29230.47
MinimumVisualStudioVersion = 10.0.40219.1
Project("{FAE04EC0-301F-11D3-BF4B-00C04F79EFBC}") = "ConsoleApp3", "ConsoleApp3\ConsoleApp3.csproj", "{BC7B1C5B-0D6B-46C5-90F2-77FF3BF7E462}"
EndProject
Global
	GlobalSection(SolutionConfigurationPlatforms) = preSolution
		Debug|Any CPU = Debug|Any CPU
		Release|Any CPU = Release|Any CPU
	EndGlobalSection
	GlobalSection(ProjectConfigurationPlatforms) = postSolution
		{BC7B1C5B-0D6B-46C5-90F2-77FF3BF7E462}.Debug|Any CPU.ActiveCfg = Debug|Any CPU
		{BC7B1C5B-0D6B-46C5-90F2-77FF3BF7E462}.Debug|Any CPU.Build.0 = Debug|Any CPU
		{BC7B1C5B-0D6B-46C5-90F2-77FF3BF7E462}.Release|Any CPU.ActiveCfg = Release|Any CPU
		{BC7B1C5B-0D6B-46C5-90F2-77FF3BF7E462}.Release|Any CPU.Build.0 = Release|Any CPU
	EndGlobalSection
	GlobalSection(SolutionProperties) = preSolution
		HideSolutionNode = FALSE
	EndGlobalSection
	GlobalSection(ExtensibilityGlobals) = postSolution
		SolutionGuid = {7091B842-A9C1-428F-AA16-F1F71969F251}
	EndGlobalSection
EndGlobal
