
Microsoft Visual Studio Solution File, Format Version 12.00
# Visual Studio Version 16
VisualStudioVersion = 16.0.29230.47
MinimumVisualStudioVersion = 10.0.40219.1
Project("{FAE04EC0-301F-11D3-BF4B-00C04F79EFBC}") = "generico", "generico\generico.csproj", "{5A7A4488-101B-497C-9F2C-28527920D446}"
EndProject
Global
	GlobalSection(SolutionConfigurationPlatforms) = preSolution
		Debug|Any CPU = Debug|Any CPU
		Release|Any CPU = Release|Any CPU
	EndGlobalSection
	GlobalSection(ProjectConfigurationPlatforms) = postSolution
		{5A7A4488-101B-497C-9F2C-28527920D446}.Debug|Any CPU.ActiveCfg = Debug|Any CPU
		{5A7A4488-101B-497C-9F2C-28527920D446}.Debug|Any CPU.Build.0 = Debug|Any CPU
		{5A7A4488-101B-497C-9F2C-28527920D446}.Release|Any CPU.ActiveCfg = Release|Any CPU
		{5A7A4488-101B-497C-9F2C-28527920D446}.Release|Any CPU.Build.0 = Release|Any CPU
	EndGlobalSection
	GlobalSection(SolutionProperties) = preSolution
		HideSolutionNode = FALSE
	EndGlobalSection
	GlobalSection(ExtensibilityGlobals) = postSolution
		SolutionGuid = {2088C5CE-7081-4E77-8768-17A144A5AB89}
	EndGlobalSection
EndGlobal
