
Microsoft Visual Studio Solution File, Format Version 12.00
# Visual Studio Version 16
VisualStudioVersion = 16.0.29230.47
MinimumVisualStudioVersion = 10.0.40219.1
Project("{FAE04EC0-301F-11D3-BF4B-00C04F79EFBC}") = "factorial", "factorial\factorial.csproj", "{1BD124D3-EB76-47A8-9CC6-D380852330A6}"
EndProject
Global
	GlobalSection(SolutionConfigurationPlatforms) = preSolution
		Debug|Any CPU = Debug|Any CPU
		Release|Any CPU = Release|Any CPU
	EndGlobalSection
	GlobalSection(ProjectConfigurationPlatforms) = postSolution
		{1BD124D3-EB76-47A8-9CC6-D380852330A6}.Debug|Any CPU.ActiveCfg = Debug|Any CPU
		{1BD124D3-EB76-47A8-9CC6-D380852330A6}.Debug|Any CPU.Build.0 = Debug|Any CPU
		{1BD124D3-EB76-47A8-9CC6-D380852330A6}.Release|Any CPU.ActiveCfg = Release|Any CPU
		{1BD124D3-EB76-47A8-9CC6-D380852330A6}.Release|Any CPU.Build.0 = Release|Any CPU
	EndGlobalSection
	GlobalSection(SolutionProperties) = preSolution
		HideSolutionNode = FALSE
	EndGlobalSection
	GlobalSection(ExtensibilityGlobals) = postSolution
		SolutionGuid = {BFBB0822-C86A-42C6-B378-6F0FF35B4E24}
	EndGlobalSection
EndGlobal
