
Microsoft Visual Studio Solution File, Format Version 12.00
# Visual Studio Version 16
VisualStudioVersion = 16.0.29230.47
MinimumVisualStudioVersion = 10.0.40219.1
Project("{FAE04EC0-301F-11D3-BF4B-00C04F79EFBC}") = "tareagenerico", "tareagenerico\tareagenerico.csproj", "{20C755F4-4227-4A69-BA73-A62C1B134FCA}"
EndProject
Global
	GlobalSection(SolutionConfigurationPlatforms) = preSolution
		Debug|Any CPU = Debug|Any CPU
		Release|Any CPU = Release|Any CPU
	EndGlobalSection
	GlobalSection(ProjectConfigurationPlatforms) = postSolution
		{20C755F4-4227-4A69-BA73-A62C1B134FCA}.Debug|Any CPU.ActiveCfg = Debug|Any CPU
		{20C755F4-4227-4A69-BA73-A62C1B134FCA}.Debug|Any CPU.Build.0 = Debug|Any CPU
		{20C755F4-4227-4A69-BA73-A62C1B134FCA}.Release|Any CPU.ActiveCfg = Release|Any CPU
		{20C755F4-4227-4A69-BA73-A62C1B134FCA}.Release|Any CPU.Build.0 = Release|Any CPU
	EndGlobalSection
	GlobalSection(SolutionProperties) = preSolution
		HideSolutionNode = FALSE
	EndGlobalSection
	GlobalSection(ExtensibilityGlobals) = postSolution
		SolutionGuid = {FFAFCE30-7A31-4F60-9BFF-CC3CAD0F285E}
	EndGlobalSection
EndGlobal
